// !$*UTF8*$!
{
	archiveVersion = 1;
	classes = {
	};
	objectVersion = 46;
	objects = {

/* Begin PBXBuildFile section */
		B8157D551E0A3A98008ADB90 /* SwiftSpinner.swift in Sources */ = {isa = PBXBuildFile; fileRef = B8157D541E0A3A98008ADB90 /* SwiftSpinner.swift */; };
		B84B523A1E1290F100383F41 /* InjectionMap.swift in Sources */ = {isa = PBXBuildFile; fileRef = B84B52391E1290F100383F41 /* InjectionMap.swift */; };
		B84B523C1E12912D00383F41 /* DataServiceInjected.swift in Sources */ = {isa = PBXBuildFile; fileRef = B84B523B1E12912D00383F41 /* DataServiceInjected.swift */; };
		B84B523E1E1291A800383F41 /* NetworkingApi.swift in Sources */ = {isa = PBXBuildFile; fileRef = B84B523D1E1291A800383F41 /* NetworkingApi.swift */; };
		B84B52401E12920100383F41 /* NetworkingApiInjected.swift in Sources */ = {isa = PBXBuildFile; fileRef = B84B523F1E12920100383F41 /* NetworkingApiInjected.swift */; };
		B84B52441E13BC7400383F41 /* Result.swift in Sources */ = {isa = PBXBuildFile; fileRef = B84B52431E13BC7400383F41 /* Result.swift */; };
		B84B52491E1496DC00383F41 /* URLSessionProtocol.swift in Sources */ = {isa = PBXBuildFile; fileRef = B84B52481E1496DC00383F41 /* URLSessionProtocol.swift */; };
		B84B524D1E149A0600383F41 /* URLSessionDataTaskProtocol.swift in Sources */ = {isa = PBXBuildFile; fileRef = B84B524C1E149A0600383F41 /* URLSessionDataTaskProtocol.swift */; };
		B84B524F1E149B5000383F41 /* HTTPClientTests_Part1.swift in Sources */ = {isa = PBXBuildFile; fileRef = B84B524E1E149B5000383F41 /* HTTPClientTests_Part1.swift */; };
		B84B52581E14FD6C00383F41 /* HTTPClient_Integration.swift in Sources */ = {isa = PBXBuildFile; fileRef = B84B52571E14FD6C00383F41 /* HTTPClient_Integration.swift */; };
		B86EBBB61E15129300161B43 /* HTTPClientTests_Part2.swift in Sources */ = {isa = PBXBuildFile; fileRef = B86EBBB51E15129300161B43 /* HTTPClientTests_Part2.swift */; };
		B86EBBB81E1668F300161B43 /* HTTPClient.swift in Sources */ = {isa = PBXBuildFile; fileRef = B86EBBB71E1668F300161B43 /* HTTPClient.swift */; };
		B86EBC011E172F3A00161B43 /* MyError.swift in Sources */ = {isa = PBXBuildFile; fileRef = B86EBC001E172F3A00161B43 /* MyError.swift */; };
		B86EBC041E17B5DD00161B43 /* UIMockURLSession.swift in Sources */ = {isa = PBXBuildFile; fileRef = B86EBC031E17B5DD00161B43 /* UIMockURLSession.swift */; };
		B86EBC071E17B69F00161B43 /* UIMockDataTask.swift in Sources */ = {isa = PBXBuildFile; fileRef = B86EBC061E17B69F00161B43 /* UIMockDataTask.swift */; };
		B86EBC0A1E17BBB000161B43 /* LoginSuccessfullAuthenticationTest.swift in Sources */ = {isa = PBXBuildFile; fileRef = B86EBC091E17BBB000161B43 /* LoginSuccessfullAuthenticationTest.swift */; };
		B86EBC0E1E18104C00161B43 /* MockDataService.swift in Sources */ = {isa = PBXBuildFile; fileRef = B84B52451E144BFD00383F41 /* MockDataService.swift */; };
		B86EBC0F1E18105100161B43 /* MockURLSession.swift in Sources */ = {isa = PBXBuildFile; fileRef = B84B52511E149B9D00383F41 /* MockURLSession.swift */; };
		B86EBC101E18105500161B43 /* MockURLSessionDataTask.swift in Sources */ = {isa = PBXBuildFile; fileRef = B84B52531E149BF900383F41 /* MockURLSessionDataTask.swift */; };
		B898B3851E19975800749899 /* SlideMenuDelegate.swift in Sources */ = {isa = PBXBuildFile; fileRef = B898B3841E19975800749899 /* SlideMenuDelegate.swift */; };
		B898B3871E19981900749899 /* SlideMenuController.swift in Sources */ = {isa = PBXBuildFile; fileRef = B898B3861E19981900749899 /* SlideMenuController.swift */; };
		B898B3891E199DD600749899 /* SlideMenu.storyboard in Resources */ = {isa = PBXBuildFile; fileRef = B898B3881E199DD600749899 /* SlideMenu.storyboard */; };
		B898B38D1E19AB4B00749899 /* BaseViewController.swift in Sources */ = {isa = PBXBuildFile; fileRef = B898B38C1E19AB4B00749899 /* BaseViewController.swift */; };
		B898B38F1E19D07700749899 /* Stocks.storyboard in Resources */ = {isa = PBXBuildFile; fileRef = B898B38E1E19D07700749899 /* Stocks.storyboard */; };
		B898B3911E19D0D900749899 /* Sales.storyboard in Resources */ = {isa = PBXBuildFile; fileRef = B898B3901E19D0D900749899 /* Sales.storyboard */; };
		B898B3931E19D1EC00749899 /* StocksVC.swift in Sources */ = {isa = PBXBuildFile; fileRef = B898B3921E19D1EC00749899 /* StocksVC.swift */; };
		B898B3951E19D23600749899 /* SalesVC.swift in Sources */ = {isa = PBXBuildFile; fileRef = B898B3941E19D23600749899 /* SalesVC.swift */; };
		B8C95E611DE97ADB0027CC4C /* AppDelegate.swift in Sources */ = {isa = PBXBuildFile; fileRef = B8C95E601DE97ADB0027CC4C /* AppDelegate.swift */; };
		B8C95E631DE97ADB0027CC4C /* InitialViewController.swift in Sources */ = {isa = PBXBuildFile; fileRef = B8C95E621DE97ADB0027CC4C /* InitialViewController.swift */; };
		B8C95E661DE97ADB0027CC4C /* Initial.storyboard in Resources */ = {isa = PBXBuildFile; fileRef = B8C95E641DE97ADB0027CC4C /* Initial.storyboard */; };
		B8C95E6B1DE97ADB0027CC4C /* Assets.xcassets in Resources */ = {isa = PBXBuildFile; fileRef = B8C95E6A1DE97ADB0027CC4C /* Assets.xcassets */; };
		B8C95E6E1DE97ADB0027CC4C /* LaunchScreen.storyboard in Resources */ = {isa = PBXBuildFile; fileRef = B8C95E6C1DE97ADB0027CC4C /* LaunchScreen.storyboard */; };
		B8C95EA01DE97F560027CC4C /* LoginTests.swift in Sources */ = {isa = PBXBuildFile; fileRef = B8C95E9F1DE97F560027CC4C /* LoginTests.swift */; };
		B8C95EA21DE9823C0027CC4C /* Config_prod.plist in Resources */ = {isa = PBXBuildFile; fileRef = B8C95EA11DE9823C0027CC4C /* Config_prod.plist */; };
		B8C95EA31DE9823C0027CC4C /* Config_prod.plist in Resources */ = {isa = PBXBuildFile; fileRef = B8C95EA11DE9823C0027CC4C /* Config_prod.plist */; };
		B8C95EA41DE9823C0027CC4C /* Config_prod.plist in Resources */ = {isa = PBXBuildFile; fileRef = B8C95EA11DE9823C0027CC4C /* Config_prod.plist */; };
		B8C95EA91DE983F80027CC4C /* Config.swift in Sources */ = {isa = PBXBuildFile; fileRef = B8C95EA81DE983F80027CC4C /* Config.swift */; };
		B8C95EAE1DE992490027CC4C /* UtilsHelper.swift in Sources */ = {isa = PBXBuildFile; fileRef = B8C95EAD1DE992490027CC4C /* UtilsHelper.swift */; };
		B8C95EB21DEBE48F0027CC4C /* Config_debug.plist in Resources */ = {isa = PBXBuildFile; fileRef = B8C95EB11DEBE48F0027CC4C /* Config_debug.plist */; };
		B8C95EB31DEBE48F0027CC4C /* Config_debug.plist in Resources */ = {isa = PBXBuildFile; fileRef = B8C95EB11DEBE48F0027CC4C /* Config_debug.plist */; };
		B8C95EB41DEBE48F0027CC4C /* Config_debug.plist in Resources */ = {isa = PBXBuildFile; fileRef = B8C95EB11DEBE48F0027CC4C /* Config_debug.plist */; };
		B8C95EB61DEBF6F50027CC4C /* App.storyboard in Resources */ = {isa = PBXBuildFile; fileRef = B8C95EB51DEBF6F50027CC4C /* App.storyboard */; };
		B8C95EBA1DEBF7080027CC4C /* Login.storyboard in Resources */ = {isa = PBXBuildFile; fileRef = B8C95EB91DEBF7080027CC4C /* Login.storyboard */; };
		B8C95EBE1DED35460027CC4C /* AppVC.swift in Sources */ = {isa = PBXBuildFile; fileRef = B8C95EBD1DED35460027CC4C /* AppVC.swift */; };
		B8C95EC21DED35580027CC4C /* LoginVC.swift in Sources */ = {isa = PBXBuildFile; fileRef = B8C95EC11DED35580027CC4C /* LoginVC.swift */; };
		B8C95EC61DED39AC0027CC4C /* DataServiceImpl.swift in Sources */ = {isa = PBXBuildFile; fileRef = B8C95EC51DED39AC0027CC4C /* DataServiceImpl.swift */; };
		B8C95ECF1DEDACBD0027CC4C /* InitialControllerTests.swift in Sources */ = {isa = PBXBuildFile; fileRef = B8C95EC91DEDA2F40027CC4C /* InitialControllerTests.swift */; };
		B8C95ED11DF1CB1A0027CC4C /* ApiClient.swift in Sources */ = {isa = PBXBuildFile; fileRef = B8C95ED01DF1CB1A0027CC4C /* ApiClient.swift */; };
		B8C95ED31DF1CC360027CC4C /* ApiClientTests.swift in Sources */ = {isa = PBXBuildFile; fileRef = B8C95ED21DF1CC360027CC4C /* ApiClientTests.swift */; };
		B8C95ED51DF1EB270027CC4C /* TokenInfo.swift in Sources */ = {isa = PBXBuildFile; fileRef = B8C95ED41DF1EB270027CC4C /* TokenInfo.swift */; };
		B8C95ED81DF1ED8A0027CC4C /* UserAuth.swift in Sources */ = {isa = PBXBuildFile; fileRef = B8C95ED71DF1ED8A0027CC4C /* UserAuth.swift */; };
		B8C95EDA1DF246070027CC4C /* DataServiceTests.swift in Sources */ = {isa = PBXBuildFile; fileRef = B8C95ED91DF246070027CC4C /* DataServiceTests.swift */; };
		B8C95EE01DF2CDCB0027CC4C /* KeychainSwiftDistrib.swift in Sources */ = {isa = PBXBuildFile; fileRef = B8C95EDF1DF2CDCB0027CC4C /* KeychainSwiftDistrib.swift */; };
		B9D04EF19547EF796C42CCE6 /* LoginBadCredentialTest.swift in Sources */ = {isa = PBXBuildFile; fileRef = B9D04E219A8092AF88DC895D /* LoginBadCredentialTest.swift */; };
		B9D04F34A62281C148C74839 /* DataService.swift in Sources */ = {isa = PBXBuildFile; fileRef = B9D049F89C71BBD9E8F0520C /* DataService.swift */; };
/* End PBXBuildFile section */

/* Begin PBXContainerItemProxy section */
		B8C95E751DE97ADB0027CC4C /* PBXContainerItemProxy */ = {
			isa = PBXContainerItemProxy;
			containerPortal = B8C95E551DE97ADB0027CC4C /* Project object */;
			proxyType = 1;
			remoteGlobalIDString = B8C95E5C1DE97ADB0027CC4C;
			remoteInfo = ReportsPPH;
		};
		B8C95E801DE97ADC0027CC4C /* PBXContainerItemProxy */ = {
			isa = PBXContainerItemProxy;
			containerPortal = B8C95E551DE97ADB0027CC4C /* Project object */;
			proxyType = 1;
			remoteGlobalIDString = B8C95E5C1DE97ADB0027CC4C;
			remoteInfo = ReportsPPH;
		};
/* End PBXContainerItemProxy section */

/* Begin PBXFileReference section */
		B8157D541E0A3A98008ADB90 /* SwiftSpinner.swift */ = {isa = PBXFileReference; fileEncoding = 4; lastKnownFileType = sourcecode.swift; path = SwiftSpinner.swift; sourceTree = "<group>"; };
		B84B52391E1290F100383F41 /* InjectionMap.swift */ = {isa = PBXFileReference; fileEncoding = 4; lastKnownFileType = sourcecode.swift; path = InjectionMap.swift; sourceTree = "<group>"; };
		B84B523B1E12912D00383F41 /* DataServiceInjected.swift */ = {isa = PBXFileReference; fileEncoding = 4; lastKnownFileType = sourcecode.swift; path = DataServiceInjected.swift; sourceTree = "<group>"; };
		B84B523D1E1291A800383F41 /* NetworkingApi.swift */ = {isa = PBXFileReference; fileEncoding = 4; lastKnownFileType = sourcecode.swift; path = NetworkingApi.swift; sourceTree = "<group>"; };
		B84B523F1E12920100383F41 /* NetworkingApiInjected.swift */ = {isa = PBXFileReference; fileEncoding = 4; lastKnownFileType = sourcecode.swift; path = NetworkingApiInjected.swift; sourceTree = "<group>"; };
		B84B52431E13BC7400383F41 /* Result.swift */ = {isa = PBXFileReference; fileEncoding = 4; lastKnownFileType = sourcecode.swift; path = Result.swift; sourceTree = "<group>"; };
		B84B52451E144BFD00383F41 /* MockDataService.swift */ = {isa = PBXFileReference; fileEncoding = 4; lastKnownFileType = sourcecode.swift; name = MockDataService.swift; path = ReportsPPHTests/MockDataService.swift; sourceTree = SOURCE_ROOT; };
		B84B52481E1496DC00383F41 /* URLSessionProtocol.swift */ = {isa = PBXFileReference; fileEncoding = 4; lastKnownFileType = sourcecode.swift; path = URLSessionProtocol.swift; sourceTree = "<group>"; };
		B84B524C1E149A0600383F41 /* URLSessionDataTaskProtocol.swift */ = {isa = PBXFileReference; fileEncoding = 4; lastKnownFileType = sourcecode.swift; path = URLSessionDataTaskProtocol.swift; sourceTree = "<group>"; };
		B84B524E1E149B5000383F41 /* HTTPClientTests_Part1.swift */ = {isa = PBXFileReference; fileEncoding = 4; lastKnownFileType = sourcecode.swift; path = HTTPClientTests_Part1.swift; sourceTree = "<group>"; };
		B84B52511E149B9D00383F41 /* MockURLSession.swift */ = {isa = PBXFileReference; fileEncoding = 4; lastKnownFileType = sourcecode.swift; name = MockURLSession.swift; path = ReportsPPHTests/MockURLSession.swift; sourceTree = SOURCE_ROOT; };
		B84B52531E149BF900383F41 /* MockURLSessionDataTask.swift */ = {isa = PBXFileReference; fileEncoding = 4; lastKnownFileType = sourcecode.swift; name = MockURLSessionDataTask.swift; path = ReportsPPHTests/MockURLSessionDataTask.swift; sourceTree = SOURCE_ROOT; };
		B84B52571E14FD6C00383F41 /* HTTPClient_Integration.swift */ = {isa = PBXFileReference; fileEncoding = 4; lastKnownFileType = sourcecode.swift; path = HTTPClient_Integration.swift; sourceTree = "<group>"; };
		B86EBBB51E15129300161B43 /* HTTPClientTests_Part2.swift */ = {isa = PBXFileReference; fileEncoding = 4; lastKnownFileType = sourcecode.swift; path = HTTPClientTests_Part2.swift; sourceTree = "<group>"; };
		B86EBBB71E1668F300161B43 /* HTTPClient.swift */ = {isa = PBXFileReference; fileEncoding = 4; lastKnownFileType = sourcecode.swift; path = HTTPClient.swift; sourceTree = "<group>"; };
		B86EBC001E172F3A00161B43 /* MyError.swift */ = {isa = PBXFileReference; fileEncoding = 4; lastKnownFileType = sourcecode.swift; path = MyError.swift; sourceTree = "<group>"; };
		B86EBC031E17B5DD00161B43 /* UIMockURLSession.swift */ = {isa = PBXFileReference; fileEncoding = 4; lastKnownFileType = sourcecode.swift; path = UIMockURLSession.swift; sourceTree = "<group>"; };
		B86EBC061E17B69F00161B43 /* UIMockDataTask.swift */ = {isa = PBXFileReference; fileEncoding = 4; lastKnownFileType = sourcecode.swift; path = UIMockDataTask.swift; sourceTree = "<group>"; };
		B86EBC081E17BBAF00161B43 /* ReportsPPHUITests-Bridging-Header.h */ = {isa = PBXFileReference; lastKnownFileType = sourcecode.c.h; path = "ReportsPPHUITests-Bridging-Header.h"; sourceTree = "<group>"; };
		B86EBC091E17BBB000161B43 /* LoginSuccessfullAuthenticationTest.swift */ = {isa = PBXFileReference; fileEncoding = 4; lastKnownFileType = sourcecode.swift; path = LoginSuccessfullAuthenticationTest.swift; sourceTree = "<group>"; };
		B898B3841E19975800749899 /* SlideMenuDelegate.swift */ = {isa = PBXFileReference; fileEncoding = 4; lastKnownFileType = sourcecode.swift; path = SlideMenuDelegate.swift; sourceTree = "<group>"; };
		B898B3861E19981900749899 /* SlideMenuController.swift */ = {isa = PBXFileReference; fileEncoding = 4; lastKnownFileType = sourcecode.swift; path = SlideMenuController.swift; sourceTree = "<group>"; };
		B898B3881E199DD600749899 /* SlideMenu.storyboard */ = {isa = PBXFileReference; fileEncoding = 4; lastKnownFileType = file.storyboard; path = SlideMenu.storyboard; sourceTree = "<group>"; };
		B898B38C1E19AB4B00749899 /* BaseViewController.swift */ = {isa = PBXFileReference; fileEncoding = 4; lastKnownFileType = sourcecode.swift; path = BaseViewController.swift; sourceTree = "<group>"; };
		B898B38E1E19D07700749899 /* Stocks.storyboard */ = {isa = PBXFileReference; fileEncoding = 4; lastKnownFileType = file.storyboard; path = Stocks.storyboard; sourceTree = "<group>"; };
		B898B3901E19D0D900749899 /* Sales.storyboard */ = {isa = PBXFileReference; fileEncoding = 4; lastKnownFileType = file.storyboard; path = Sales.storyboard; sourceTree = "<group>"; };
		B898B3921E19D1EC00749899 /* StocksVC.swift */ = {isa = PBXFileReference; fileEncoding = 4; lastKnownFileType = sourcecode.swift; path = StocksVC.swift; sourceTree = "<group>"; };
		B898B3941E19D23600749899 /* SalesVC.swift */ = {isa = PBXFileReference; fileEncoding = 4; lastKnownFileType = sourcecode.swift; path = SalesVC.swift; sourceTree = "<group>"; };
		B8C95E5D1DE97ADB0027CC4C /* ReportsPPH.app */ = {isa = PBXFileReference; explicitFileType = wrapper.application; includeInIndex = 0; path = ReportsPPH.app; sourceTree = BUILT_PRODUCTS_DIR; };
		B8C95E601DE97ADB0027CC4C /* AppDelegate.swift */ = {isa = PBXFileReference; lastKnownFileType = sourcecode.swift; path = AppDelegate.swift; sourceTree = "<group>"; };
		B8C95E621DE97ADB0027CC4C /* InitialViewController.swift */ = {isa = PBXFileReference; lastKnownFileType = sourcecode.swift; path = InitialViewController.swift; sourceTree = "<group>"; };
		B8C95E651DE97ADB0027CC4C /* Base */ = {isa = PBXFileReference; lastKnownFileType = file.storyboard; name = Base; path = Base.lproj/Initial.storyboard; sourceTree = "<group>"; };
		B8C95E6A1DE97ADB0027CC4C /* Assets.xcassets */ = {isa = PBXFileReference; lastKnownFileType = folder.assetcatalog; path = Assets.xcassets; sourceTree = "<group>"; };
		B8C95E6D1DE97ADB0027CC4C /* Base */ = {isa = PBXFileReference; lastKnownFileType = file.storyboard; name = Base; path = Base.lproj/LaunchScreen.storyboard; sourceTree = "<group>"; };
		B8C95E6F1DE97ADB0027CC4C /* Info.plist */ = {isa = PBXFileReference; lastKnownFileType = text.plist.xml; path = Info.plist; sourceTree = "<group>"; };
		B8C95E741DE97ADB0027CC4C /* ReportsPPHTests.xctest */ = {isa = PBXFileReference; explicitFileType = wrapper.cfbundle; includeInIndex = 0; path = ReportsPPHTests.xctest; sourceTree = BUILT_PRODUCTS_DIR; };
		B8C95E7A1DE97ADC0027CC4C /* Info.plist */ = {isa = PBXFileReference; lastKnownFileType = text.plist.info; path = Info.plist; sourceTree = "<group>"; };
		B8C95E7F1DE97ADC0027CC4C /* ReportsPPHUITests.xctest */ = {isa = PBXFileReference; explicitFileType = wrapper.cfbundle; includeInIndex = 0; path = ReportsPPHUITests.xctest; sourceTree = BUILT_PRODUCTS_DIR; };
		B8C95E851DE97ADC0027CC4C /* Info.plist */ = {isa = PBXFileReference; lastKnownFileType = text.plist.xml; path = Info.plist; sourceTree = "<group>"; };
		B8C95E9F1DE97F560027CC4C /* LoginTests.swift */ = {isa = PBXFileReference; fileEncoding = 4; lastKnownFileType = sourcecode.swift; path = LoginTests.swift; sourceTree = "<group>"; };
		B8C95EA11DE9823C0027CC4C /* Config_prod.plist */ = {isa = PBXFileReference; fileEncoding = 4; lastKnownFileType = text.plist.xml; path = Config_prod.plist; sourceTree = "<group>"; };
		B8C95EA81DE983F80027CC4C /* Config.swift */ = {isa = PBXFileReference; fileEncoding = 4; lastKnownFileType = sourcecode.swift; path = Config.swift; sourceTree = "<group>"; };
		B8C95EAD1DE992490027CC4C /* UtilsHelper.swift */ = {isa = PBXFileReference; fileEncoding = 4; lastKnownFileType = sourcecode.swift; path = UtilsHelper.swift; sourceTree = "<group>"; };
		B8C95EB11DEBE48F0027CC4C /* Config_debug.plist */ = {isa = PBXFileReference; fileEncoding = 4; lastKnownFileType = text.plist.xml; path = Config_debug.plist; sourceTree = "<group>"; };
		B8C95EB51DEBF6F50027CC4C /* App.storyboard */ = {isa = PBXFileReference; fileEncoding = 4; lastKnownFileType = file.storyboard; path = App.storyboard; sourceTree = "<group>"; };
		B8C95EB91DEBF7080027CC4C /* Login.storyboard */ = {isa = PBXFileReference; fileEncoding = 4; lastKnownFileType = file.storyboard; path = Login.storyboard; sourceTree = "<group>"; };
		B8C95EBD1DED35460027CC4C /* AppVC.swift */ = {isa = PBXFileReference; fileEncoding = 4; lastKnownFileType = sourcecode.swift; path = AppVC.swift; sourceTree = "<group>"; };
		B8C95EC11DED35580027CC4C /* LoginVC.swift */ = {isa = PBXFileReference; fileEncoding = 4; lastKnownFileType = sourcecode.swift; path = LoginVC.swift; sourceTree = "<group>"; };
		B8C95EC51DED39AC0027CC4C /* DataServiceImpl.swift */ = {isa = PBXFileReference; fileEncoding = 4; lastKnownFileType = sourcecode.swift; path = DataServiceImpl.swift; sourceTree = "<group>"; };
		B8C95EC91DEDA2F40027CC4C /* InitialControllerTests.swift */ = {isa = PBXFileReference; fileEncoding = 4; lastKnownFileType = sourcecode.swift; name = InitialControllerTests.swift; path = ../ReportsPPHUITests/InitialControllerTests.swift; sourceTree = "<group>"; };
		B8C95ED01DF1CB1A0027CC4C /* ApiClient.swift */ = {isa = PBXFileReference; fileEncoding = 4; lastKnownFileType = sourcecode.swift; path = ApiClient.swift; sourceTree = "<group>"; };
		B8C95ED21DF1CC360027CC4C /* ApiClientTests.swift */ = {isa = PBXFileReference; fileEncoding = 4; lastKnownFileType = sourcecode.swift; path = ApiClientTests.swift; sourceTree = "<group>"; };
		B8C95ED41DF1EB270027CC4C /* TokenInfo.swift */ = {isa = PBXFileReference; fileEncoding = 4; lastKnownFileType = sourcecode.swift; path = TokenInfo.swift; sourceTree = "<group>"; };
		B8C95ED71DF1ED8A0027CC4C /* UserAuth.swift */ = {isa = PBXFileReference; fileEncoding = 4; lastKnownFileType = sourcecode.swift; path = UserAuth.swift; sourceTree = "<group>"; };
		B8C95ED91DF246070027CC4C /* DataServiceTests.swift */ = {isa = PBXFileReference; fileEncoding = 4; lastKnownFileType = sourcecode.swift; path = DataServiceTests.swift; sourceTree = "<group>"; };
		B8C95EDB1DF2CCF10027CC4C /* ReportsPPH.entitlements */ = {isa = PBXFileReference; lastKnownFileType = text.plist.entitlements; path = ReportsPPH.entitlements; sourceTree = "<group>"; };
		B8C95EDF1DF2CDCB0027CC4C /* KeychainSwiftDistrib.swift */ = {isa = PBXFileReference; fileEncoding = 4; lastKnownFileType = sourcecode.swift; path = KeychainSwiftDistrib.swift; sourceTree = "<group>"; };
		B9D049F89C71BBD9E8F0520C /* DataService.swift */ = {isa = PBXFileReference; fileEncoding = 4; lastKnownFileType = sourcecode.swift; path = DataService.swift; sourceTree = "<group>"; };
		B9D04E219A8092AF88DC895D /* LoginBadCredentialTest.swift */ = {isa = PBXFileReference; fileEncoding = 4; lastKnownFileType = sourcecode.swift; path = LoginBadCredentialTest.swift; sourceTree = "<group>"; };
/* End PBXFileReference section */

/* Begin PBXFrameworksBuildPhase section */
		B8C95E5A1DE97ADB0027CC4C /* Frameworks */ = {
			isa = PBXFrameworksBuildPhase;
			buildActionMask = 2147483647;
			files = (
			);
			runOnlyForDeploymentPostprocessing = 0;
		};
		B8C95E711DE97ADB0027CC4C /* Frameworks */ = {
			isa = PBXFrameworksBuildPhase;
			buildActionMask = 2147483647;
			files = (
			);
			runOnlyForDeploymentPostprocessing = 0;
		};
		B8C95E7C1DE97ADC0027CC4C /* Frameworks */ = {
			isa = PBXFrameworksBuildPhase;
			buildActionMask = 2147483647;
			files = (
			);
			runOnlyForDeploymentPostprocessing = 0;
		};
/* End PBXFrameworksBuildPhase section */

/* Begin PBXGroup section */
		B8157D531E0A3A75008ADB90 /* SwiftSpinner */ = {
			isa = PBXGroup;
			children = (
				B8157D541E0A3A98008ADB90 /* SwiftSpinner.swift */,
			);
			name = SwiftSpinner;
			sourceTree = "<group>";
		};
		B84B52381E1290D800383F41 /* DI */ = {
			isa = PBXGroup;
			children = (
				B84B52391E1290F100383F41 /* InjectionMap.swift */,
				B84B523B1E12912D00383F41 /* DataServiceInjected.swift */,
				B84B523F1E12920100383F41 /* NetworkingApiInjected.swift */,
			);
			name = DI;
			sourceTree = "<group>";
		};
		B84B52471E1496C700383F41 /* Protocols */ = {
			isa = PBXGroup;
			children = (
				B84B52481E1496DC00383F41 /* URLSessionProtocol.swift */,
				B84B524C1E149A0600383F41 /* URLSessionDataTaskProtocol.swift */,
			);
			name = Protocols;
			sourceTree = "<group>";
		};
		B86EBC021E172F6B00161B43 /* Model */ = {
			isa = PBXGroup;
			children = (
				B84B52431E13BC7400383F41 /* Result.swift */,
				B86EBC001E172F3A00161B43 /* MyError.swift */,
			);
			name = Model;
			sourceTree = "<group>";
		};
		B86EBC051E17B67700161B43 /* UITestsExtensions */ = {
			isa = PBXGroup;
			children = (
				B86EBC031E17B5DD00161B43 /* UIMockURLSession.swift */,
				B86EBC061E17B69F00161B43 /* UIMockDataTask.swift */,
			);
			name = UITestsExtensions;
			sourceTree = "<group>";
		};
		B86EBC121E192C1D00161B43 /* UnitTestMocks */ = {
			isa = PBXGroup;
			children = (
				B84B52451E144BFD00383F41 /* MockDataService.swift */,
				B84B52511E149B9D00383F41 /* MockURLSession.swift */,
				B84B52531E149BF900383F41 /* MockURLSessionDataTask.swift */,
			);
			name = UnitTestMocks;
			sourceTree = "<group>";
		};
		B8C95E541DE97ADB0027CC4C = {
			isa = PBXGroup;
			children = (
				B8C95E5F1DE97ADB0027CC4C /* ReportsPPH */,
				B8C95E771DE97ADB0027CC4C /* ReportsPPHTests */,
				B8C95E821DE97ADC0027CC4C /* ReportsPPHUITests */,
				B8C95E5E1DE97ADB0027CC4C /* Products */,
			);
			sourceTree = "<group>";
		};
		B8C95E5E1DE97ADB0027CC4C /* Products */ = {
			isa = PBXGroup;
			children = (
				B8C95E5D1DE97ADB0027CC4C /* ReportsPPH.app */,
				B8C95E741DE97ADB0027CC4C /* ReportsPPHTests.xctest */,
				B8C95E7F1DE97ADC0027CC4C /* ReportsPPHUITests.xctest */,
			);
			name = Products;
			sourceTree = "<group>";
		};
		B8C95E5F1DE97ADB0027CC4C /* ReportsPPH */ = {
			isa = PBXGroup;
			children = (
				B84B52471E1496C700383F41 /* Protocols */,
				B84B52381E1290D800383F41 /* DI */,
				B8157D531E0A3A75008ADB90 /* SwiftSpinner */,
				B8C95EDC1DF2CD6B0027CC4C /* Keychain */,
				B8C95EDB1DF2CCF10027CC4C /* ReportsPPH.entitlements */,
				B8C95EAC1DE9922E0027CC4C /* Utils */,
				B8C95E9D1DE97D650027CC4C /* Service */,
				B8C95E9C1DE97D5F0027CC4C /* Controller */,
				B8C95E9B1DE97D580027CC4C /* View */,
				B8C95E9A1DE97D510027CC4C /* Model */,
				B8C95E601DE97ADB0027CC4C /* AppDelegate.swift */,
				B8C95E9E1DE97D700027CC4C /* Resources */,
				B86EBC121E192C1D00161B43 /* UnitTestMocks */,
				B86EBC051E17B67700161B43 /* UITestsExtensions */,
			);
			path = ReportsPPH;
			sourceTree = "<group>";
		};
		B8C95E771DE97ADB0027CC4C /* ReportsPPHTests */ = {
			isa = PBXGroup;
			children = (
				B8C95EC91DEDA2F40027CC4C /* InitialControllerTests.swift */,
				B8C95E7A1DE97ADC0027CC4C /* Info.plist */,
				B8C95E9F1DE97F560027CC4C /* LoginTests.swift */,
				B8C95ED21DF1CC360027CC4C /* ApiClientTests.swift */,
				B8C95ED91DF246070027CC4C /* DataServiceTests.swift */,
				B84B524E1E149B5000383F41 /* HTTPClientTests_Part1.swift */,
				B86EBBB51E15129300161B43 /* HTTPClientTests_Part2.swift */,
				B84B52571E14FD6C00383F41 /* HTTPClient_Integration.swift */,
			);
			path = ReportsPPHTests;
			sourceTree = "<group>";
		};
		B8C95E821DE97ADC0027CC4C /* ReportsPPHUITests */ = {
			isa = PBXGroup;
			children = (
				B8C95E851DE97ADC0027CC4C /* Info.plist */,
				B86EBC091E17BBB000161B43 /* LoginSuccessfullAuthenticationTest.swift */,
				B86EBC081E17BBAF00161B43 /* ReportsPPHUITests-Bridging-Header.h */,
				B9D04E219A8092AF88DC895D /* LoginBadCredentialTest.swift */,
			);
			path = ReportsPPHUITests;
			sourceTree = "<group>";
		};
		B8C95E9A1DE97D510027CC4C /* Model */ = {
			isa = PBXGroup;
			children = (
				B8C95ED41DF1EB270027CC4C /* TokenInfo.swift */,
				B8C95ED71DF1ED8A0027CC4C /* UserAuth.swift */,
			);
			name = Model;
			sourceTree = "<group>";
		};
		B8C95E9B1DE97D580027CC4C /* View */ = {
			isa = PBXGroup;
			children = (
				B8C95E641DE97ADB0027CC4C /* Initial.storyboard */,
				B8C95E6C1DE97ADB0027CC4C /* LaunchScreen.storyboard */,
				B8C95EB51DEBF6F50027CC4C /* App.storyboard */,
				B898B38E1E19D07700749899 /* Stocks.storyboard */,
				B898B3901E19D0D900749899 /* Sales.storyboard */,
				B8C95EB91DEBF7080027CC4C /* Login.storyboard */,
				B898B3881E199DD600749899 /* SlideMenu.storyboard */,
			);
			name = View;
			sourceTree = "<group>";
		};
		B8C95E9C1DE97D5F0027CC4C /* Controller */ = {
			isa = PBXGroup;
			children = (
				B8C95E621DE97ADB0027CC4C /* InitialViewController.swift */,
				B8C95EBD1DED35460027CC4C /* AppVC.swift */,
				B8C95EC11DED35580027CC4C /* LoginVC.swift */,
				B898B3841E19975800749899 /* SlideMenuDelegate.swift */,
				B898B3861E19981900749899 /* SlideMenuController.swift */,
				B898B38C1E19AB4B00749899 /* BaseViewController.swift */,
				B898B3921E19D1EC00749899 /* StocksVC.swift */,
				B898B3941E19D23600749899 /* SalesVC.swift */,
			);
			name = Controller;
			sourceTree = "<group>";
		};
		B8C95E9D1DE97D650027CC4C /* Service */ = {
			isa = PBXGroup;
			children = (
				B8C95EA81DE983F80027CC4C /* Config.swift */,
				B8C95EC51DED39AC0027CC4C /* DataServiceImpl.swift */,
				B8C95ED01DF1CB1A0027CC4C /* ApiClient.swift */,
				B9D049F89C71BBD9E8F0520C /* DataService.swift */,
				B84B523D1E1291A800383F41 /* NetworkingApi.swift */,
				B86EBBB71E1668F300161B43 /* HTTPClient.swift */,
				B86EBC021E172F6B00161B43 /* Model */,
			);
			name = Service;
			sourceTree = "<group>";
		};
		B8C95E9E1DE97D700027CC4C /* Resources */ = {
			isa = PBXGroup;
			children = (
				B8C95E6F1DE97ADB0027CC4C /* Info.plist */,
				B8C95E6A1DE97ADB0027CC4C /* Assets.xcassets */,
				B8C95EA11DE9823C0027CC4C /* Config_prod.plist */,
				B8C95EB11DEBE48F0027CC4C /* Config_debug.plist */,
			);
			name = Resources;
			sourceTree = "<group>";
		};
		B8C95EAC1DE9922E0027CC4C /* Utils */ = {
			isa = PBXGroup;
			children = (
				B8C95EAD1DE992490027CC4C /* UtilsHelper.swift */,
			);
			name = Utils;
			sourceTree = "<group>";
		};
		B8C95EDC1DF2CD6B0027CC4C /* Keychain */ = {
			isa = PBXGroup;
			children = (
				B8C95EDF1DF2CDCB0027CC4C /* KeychainSwiftDistrib.swift */,
			);
			name = Keychain;
			sourceTree = "<group>";
		};
/* End PBXGroup section */

/* Begin PBXNativeTarget section */
		B8C95E5C1DE97ADB0027CC4C /* ReportsPPH */ = {
			isa = PBXNativeTarget;
			buildConfigurationList = B8C95E881DE97ADC0027CC4C /* Build configuration list for PBXNativeTarget "ReportsPPH" */;
			buildPhases = (
				B8C95E591DE97ADB0027CC4C /* Sources */,
				B8C95E5A1DE97ADB0027CC4C /* Frameworks */,
				B8C95E5B1DE97ADB0027CC4C /* Resources */,
			);
			buildRules = (
			);
			dependencies = (
			);
			name = ReportsPPH;
			productName = ReportsPPH;
			productReference = B8C95E5D1DE97ADB0027CC4C /* ReportsPPH.app */;
			productType = "com.apple.product-type.application";
		};
		B8C95E731DE97ADB0027CC4C /* ReportsPPHTests */ = {
			isa = PBXNativeTarget;
			buildConfigurationList = B8C95E8B1DE97ADC0027CC4C /* Build configuration list for PBXNativeTarget "ReportsPPHTests" */;
			buildPhases = (
				B8C95E701DE97ADB0027CC4C /* Sources */,
				B8C95E711DE97ADB0027CC4C /* Frameworks */,
				B8C95E721DE97ADB0027CC4C /* Resources */,
			);
			buildRules = (
			);
			dependencies = (
				B8C95E761DE97ADB0027CC4C /* PBXTargetDependency */,
			);
			name = ReportsPPHTests;
			productName = ReportsPPHTests;
			productReference = B8C95E741DE97ADB0027CC4C /* ReportsPPHTests.xctest */;
			productType = "com.apple.product-type.bundle.unit-test";
		};
		B8C95E7E1DE97ADC0027CC4C /* ReportsPPHUITests */ = {
			isa = PBXNativeTarget;
			buildConfigurationList = B8C95E8E1DE97ADC0027CC4C /* Build configuration list for PBXNativeTarget "ReportsPPHUITests" */;
			buildPhases = (
				B8C95E7B1DE97ADC0027CC4C /* Sources */,
				B8C95E7C1DE97ADC0027CC4C /* Frameworks */,
				B8C95E7D1DE97ADC0027CC4C /* Resources */,
			);
			buildRules = (
			);
			dependencies = (
				B8C95E811DE97ADC0027CC4C /* PBXTargetDependency */,
			);
			name = ReportsPPHUITests;
			productName = ReportsPPHUITests;
			productReference = B8C95E7F1DE97ADC0027CC4C /* ReportsPPHUITests.xctest */;
			productType = "com.apple.product-type.bundle.ui-testing";
		};
/* End PBXNativeTarget section */

/* Begin PBXProject section */
		B8C95E551DE97ADB0027CC4C /* Project object */ = {
			isa = PBXProject;
			attributes = {
				LastSwiftUpdateCheck = 0810;
				LastUpgradeCheck = 0810;
				ORGANIZATIONNAME = "iulian david";
				TargetAttributes = {
					B8C95E5C1DE97ADB0027CC4C = {
						CreatedOnToolsVersion = 8.1;
						DevelopmentTeam = BQ9WNW24Z8;
						LastSwiftMigration = 0810;
						ProvisioningStyle = Automatic;
						SystemCapabilities = {
							com.apple.Keychain = {
								enabled = 1;
							};
						};
					};
					B8C95E731DE97ADB0027CC4C = {
						CreatedOnToolsVersion = 8.1;
						DevelopmentTeam = BQ9WNW24Z8;
						LastSwiftMigration = 0810;
						ProvisioningStyle = Automatic;
						TestTargetID = B8C95E5C1DE97ADB0027CC4C;
					};
					B8C95E7E1DE97ADC0027CC4C = {
						CreatedOnToolsVersion = 8.1;
						DevelopmentTeam = BQ9WNW24Z8;
						LastSwiftMigration = 0820;
						ProvisioningStyle = Automatic;
						TestTargetID = B8C95E5C1DE97ADB0027CC4C;
					};
				};
			};
			buildConfigurationList = B8C95E581DE97ADB0027CC4C /* Build configuration list for PBXProject "ReportsPPH" */;
			compatibilityVersion = "Xcode 3.2";
			developmentRegion = English;
			hasScannedForEncodings = 0;
			knownRegions = (
				en,
				Base,
			);
			mainGroup = B8C95E541DE97ADB0027CC4C;
			productRefGroup = B8C95E5E1DE97ADB0027CC4C /* Products */;
			projectDirPath = "";
			projectRoot = "";
			targets = (
				B8C95E5C1DE97ADB0027CC4C /* ReportsPPH */,
				B8C95E731DE97ADB0027CC4C /* ReportsPPHTests */,
				B8C95E7E1DE97ADC0027CC4C /* ReportsPPHUITests */,
			);
		};
/* End PBXProject section */

/* Begin PBXResourcesBuildPhase section */
		B8C95E5B1DE97ADB0027CC4C /* Resources */ = {
			isa = PBXResourcesBuildPhase;
			buildActionMask = 2147483647;
			files = (
				B8C95EA21DE9823C0027CC4C /* Config_prod.plist in Resources */,
				B898B38F1E19D07700749899 /* Stocks.storyboard in Resources */,
				B898B3891E199DD600749899 /* SlideMenu.storyboard in Resources */,
				B8C95E6E1DE97ADB0027CC4C /* LaunchScreen.storyboard in Resources */,
				B8C95EBA1DEBF7080027CC4C /* Login.storyboard in Resources */,
				B8C95EB61DEBF6F50027CC4C /* App.storyboard in Resources */,
				B8C95E6B1DE97ADB0027CC4C /* Assets.xcassets in Resources */,
				B8C95EB21DEBE48F0027CC4C /* Config_debug.plist in Resources */,
				B898B3911E19D0D900749899 /* Sales.storyboard in Resources */,
				B8C95E661DE97ADB0027CC4C /* Initial.storyboard in Resources */,
			);
			runOnlyForDeploymentPostprocessing = 0;
		};
		B8C95E721DE97ADB0027CC4C /* Resources */ = {
			isa = PBXResourcesBuildPhase;
			buildActionMask = 2147483647;
			files = (
				B8C95EB31DEBE48F0027CC4C /* Config_debug.plist in Resources */,
				B8C95EA31DE9823C0027CC4C /* Config_prod.plist in Resources */,
			);
			runOnlyForDeploymentPostprocessing = 0;
		};
		B8C95E7D1DE97ADC0027CC4C /* Resources */ = {
			isa = PBXResourcesBuildPhase;
			buildActionMask = 2147483647;
			files = (
				B8C95EB41DEBE48F0027CC4C /* Config_debug.plist in Resources */,
				B8C95EA41DE9823C0027CC4C /* Config_prod.plist in Resources */,
			);
			runOnlyForDeploymentPostprocessing = 0;
		};
/* End PBXResourcesBuildPhase section */

/* Begin PBXSourcesBuildPhase section */
		B8C95E591DE97ADB0027CC4C /* Sources */ = {
			isa = PBXSourcesBuildPhase;
			buildActionMask = 2147483647;
			files = (
				B84B523E1E1291A800383F41 /* NetworkingApi.swift in Sources */,
				B84B523A1E1290F100383F41 /* InjectionMap.swift in Sources */,
				B84B52441E13BC7400383F41 /* Result.swift in Sources */,
				B84B523C1E12912D00383F41 /* DataServiceInjected.swift in Sources */,
				B8C95ED81DF1ED8A0027CC4C /* UserAuth.swift in Sources */,
				B898B38D1E19AB4B00749899 /* BaseViewController.swift in Sources */,
				B8C95EAE1DE992490027CC4C /* UtilsHelper.swift in Sources */,
				B86EBC011E172F3A00161B43 /* MyError.swift in Sources */,
				B8C95E631DE97ADB0027CC4C /* InitialViewController.swift in Sources */,
				B8C95EC21DED35580027CC4C /* LoginVC.swift in Sources */,
				B898B3871E19981900749899 /* SlideMenuController.swift in Sources */,
				B898B3931E19D1EC00749899 /* StocksVC.swift in Sources */,
				B86EBC041E17B5DD00161B43 /* UIMockURLSession.swift in Sources */,
				B8C95ED11DF1CB1A0027CC4C /* ApiClient.swift in Sources */,
				B84B52401E12920100383F41 /* NetworkingApiInjected.swift in Sources */,
				B86EBC0F1E18105100161B43 /* MockURLSession.swift in Sources */,
				B84B524D1E149A0600383F41 /* URLSessionDataTaskProtocol.swift in Sources */,
				B8157D551E0A3A98008ADB90 /* SwiftSpinner.swift in Sources */,
				B898B3851E19975800749899 /* SlideMenuDelegate.swift in Sources */,
				B8C95EA91DE983F80027CC4C /* Config.swift in Sources */,
				B86EBC0E1E18104C00161B43 /* MockDataService.swift in Sources */,
				B84B52491E1496DC00383F41 /* URLSessionProtocol.swift in Sources */,
				B8C95ED51DF1EB270027CC4C /* TokenInfo.swift in Sources */,
				B8C95EE01DF2CDCB0027CC4C /* KeychainSwiftDistrib.swift in Sources */,
				B8C95E611DE97ADB0027CC4C /* AppDelegate.swift in Sources */,
				B898B3951E19D23600749899 /* SalesVC.swift in Sources */,
				B86EBBB81E1668F300161B43 /* HTTPClient.swift in Sources */,
				B8C95EC61DED39AC0027CC4C /* DataServiceImpl.swift in Sources */,
				B8C95EBE1DED35460027CC4C /* AppVC.swift in Sources */,
				B86EBC101E18105500161B43 /* MockURLSessionDataTask.swift in Sources */,
				B86EBC071E17B69F00161B43 /* UIMockDataTask.swift in Sources */,
				B9D04F34A62281C148C74839 /* DataService.swift in Sources */,
			);
			runOnlyForDeploymentPostprocessing = 0;
		};
		B8C95E701DE97ADB0027CC4C /* Sources */ = {
			isa = PBXSourcesBuildPhase;
			buildActionMask = 2147483647;
			files = (
				B8C95ED31DF1CC360027CC4C /* ApiClientTests.swift in Sources */,
				B84B524F1E149B5000383F41 /* HTTPClientTests_Part1.swift in Sources */,
				B8C95EA01DE97F560027CC4C /* LoginTests.swift in Sources */,
				B86EBBB61E15129300161B43 /* HTTPClientTests_Part2.swift in Sources */,
				B84B52581E14FD6C00383F41 /* HTTPClient_Integration.swift in Sources */,
				B8C95ECF1DEDACBD0027CC4C /* InitialControllerTests.swift in Sources */,
				B8C95EDA1DF246070027CC4C /* DataServiceTests.swift in Sources */,
			);
			runOnlyForDeploymentPostprocessing = 0;
		};
		B8C95E7B1DE97ADC0027CC4C /* Sources */ = {
			isa = PBXSourcesBuildPhase;
			buildActionMask = 2147483647;
			files = (
				B86EBC0A1E17BBB000161B43 /* LoginSuccessfullAuthenticationTest.swift in Sources */,
				B9D04EF19547EF796C42CCE6 /* LoginBadCredentialTest.swift in Sources */,
			);
			runOnlyForDeploymentPostprocessing = 0;
		};
/* End PBXSourcesBuildPhase section */

/* Begin PBXTargetDependency section */
		B8C95E761DE97ADB0027CC4C /* PBXTargetDependency */ = {
			isa = PBXTargetDependency;
			target = B8C95E5C1DE97ADB0027CC4C /* ReportsPPH */;
			targetProxy = B8C95E751DE97ADB0027CC4C /* PBXContainerItemProxy */;
		};
		B8C95E811DE97ADC0027CC4C /* PBXTargetDependency */ = {
			isa = PBXTargetDependency;
			target = B8C95E5C1DE97ADB0027CC4C /* ReportsPPH */;
			targetProxy = B8C95E801DE97ADC0027CC4C /* PBXContainerItemProxy */;
		};
/* End PBXTargetDependency section */

/* Begin PBXVariantGroup section */
		B8C95E641DE97ADB0027CC4C /* Initial.storyboard */ = {
			isa = PBXVariantGroup;
			children = (
				B8C95E651DE97ADB0027CC4C /* Base */,
			);
			name = Initial.storyboard;
			sourceTree = "<group>";
		};
		B8C95E6C1DE97ADB0027CC4C /* LaunchScreen.storyboard */ = {
			isa = PBXVariantGroup;
			children = (
				B8C95E6D1DE97ADB0027CC4C /* Base */,
			);
			name = LaunchScreen.storyboard;
			sourceTree = "<group>";
		};
/* End PBXVariantGroup section */

/* Begin XCBuildConfiguration section */
		B8C95E861DE97ADC0027CC4C /* Debug */ = {
			isa = XCBuildConfiguration;
			buildSettings = {
				ALWAYS_SEARCH_USER_PATHS = NO;
				CLANG_ANALYZER_NONNULL = YES;
				CLANG_CXX_LANGUAGE_STANDARD = "gnu++0x";
				CLANG_CXX_LIBRARY = "libc++";
				CLANG_ENABLE_MODULES = YES;
				CLANG_ENABLE_OBJC_ARC = YES;
				CLANG_WARN_BOOL_CONVERSION = YES;
				CLANG_WARN_CONSTANT_CONVERSION = YES;
				CLANG_WARN_DIRECT_OBJC_ISA_USAGE = YES_ERROR;
				CLANG_WARN_DOCUMENTATION_COMMENTS = YES;
				CLANG_WARN_EMPTY_BODY = YES;
				CLANG_WARN_ENUM_CONVERSION = YES;
				CLANG_WARN_INFINITE_RECURSION = YES;
				CLANG_WARN_INT_CONVERSION = YES;
				CLANG_WARN_OBJC_ROOT_CLASS = YES_ERROR;
				CLANG_WARN_SUSPICIOUS_MOVES = YES;
				CLANG_WARN_UNREACHABLE_CODE = YES;
				CLANG_WARN__DUPLICATE_METHOD_MATCH = YES;
				"CODE_SIGN_IDENTITY[sdk=iphoneos*]" = "iPhone Developer";
				COPY_PHASE_STRIP = NO;
				DEBUG_INFORMATION_FORMAT = dwarf;
				ENABLE_STRICT_OBJC_MSGSEND = YES;
				ENABLE_TESTABILITY = YES;
				GCC_C_LANGUAGE_STANDARD = gnu99;
				GCC_DYNAMIC_NO_PIC = NO;
				GCC_NO_COMMON_BLOCKS = YES;
				GCC_OPTIMIZATION_LEVEL = 0;
				GCC_PREPROCESSOR_DEFINITIONS = (
					"DEBUG=1",
					"$(inherited)",
				);
				GCC_WARN_64_TO_32_BIT_CONVERSION = YES;
				GCC_WARN_ABOUT_RETURN_TYPE = YES_ERROR;
				GCC_WARN_UNDECLARED_SELECTOR = YES;
				GCC_WARN_UNINITIALIZED_AUTOS = YES_AGGRESSIVE;
				GCC_WARN_UNUSED_FUNCTION = YES;
				GCC_WARN_UNUSED_VARIABLE = YES;
				IPHONEOS_DEPLOYMENT_TARGET = 8.4;
				MTL_ENABLE_DEBUG_INFO = YES;
				ONLY_ACTIVE_ARCH = YES;
				SDKROOT = iphoneos;
				SWIFT_ACTIVE_COMPILATION_CONDITIONS = DEBUG;
				SWIFT_OPTIMIZATION_LEVEL = "-Onone";
				TARGETED_DEVICE_FAMILY = "1,2";
			};
			name = Debug;
		};
		B8C95E871DE97ADC0027CC4C /* Release */ = {
			isa = XCBuildConfiguration;
			buildSettings = {
				ALWAYS_SEARCH_USER_PATHS = NO;
				CLANG_ANALYZER_NONNULL = YES;
				CLANG_CXX_LANGUAGE_STANDARD = "gnu++0x";
				CLANG_CXX_LIBRARY = "libc++";
				CLANG_ENABLE_MODULES = YES;
				CLANG_ENABLE_OBJC_ARC = YES;
				CLANG_WARN_BOOL_CONVERSION = YES;
				CLANG_WARN_CONSTANT_CONVERSION = YES;
				CLANG_WARN_DIRECT_OBJC_ISA_USAGE = YES_ERROR;
				CLANG_WARN_DOCUMENTATION_COMMENTS = YES;
				CLANG_WARN_EMPTY_BODY = YES;
				CLANG_WARN_ENUM_CONVERSION = YES;
				CLANG_WARN_INFINITE_RECURSION = YES;
				CLANG_WARN_INT_CONVERSION = YES;
				CLANG_WARN_OBJC_ROOT_CLASS = YES_ERROR;
				CLANG_WARN_SUSPICIOUS_MOVES = YES;
				CLANG_WARN_UNREACHABLE_CODE = YES;
				CLANG_WARN__DUPLICATE_METHOD_MATCH = YES;
				"CODE_SIGN_IDENTITY[sdk=iphoneos*]" = "iPhone Developer";
				COPY_PHASE_STRIP = NO;
				DEBUG_INFORMATION_FORMAT = "dwarf-with-dsym";
				ENABLE_NS_ASSERTIONS = NO;
				ENABLE_STRICT_OBJC_MSGSEND = YES;
				GCC_C_LANGUAGE_STANDARD = gnu99;
				GCC_NO_COMMON_BLOCKS = YES;
				GCC_WARN_64_TO_32_BIT_CONVERSION = YES;
				GCC_WARN_ABOUT_RETURN_TYPE = YES_ERROR;
				GCC_WARN_UNDECLARED_SELECTOR = YES;
				GCC_WARN_UNINITIALIZED_AUTOS = YES_AGGRESSIVE;
				GCC_WARN_UNUSED_FUNCTION = YES;
				GCC_WARN_UNUSED_VARIABLE = YES;
				IPHONEOS_DEPLOYMENT_TARGET = 8.4;
				MTL_ENABLE_DEBUG_INFO = NO;
				SDKROOT = iphoneos;
				SWIFT_OPTIMIZATION_LEVEL = "-Owholemodule";
				TARGETED_DEVICE_FAMILY = "1,2";
				VALIDATE_PRODUCT = YES;
			};
			name = Release;
		};
		B8C95E891DE97ADC0027CC4C /* Debug */ = {
			isa = XCBuildConfiguration;
			buildSettings = {
				ASSETCATALOG_COMPILER_APPICON_NAME = AppIcon;
				CLANG_ENABLE_MODULES = YES;
				CODE_SIGN_ENTITLEMENTS = ReportsPPH/ReportsPPH.entitlements;
				DEVELOPMENT_TEAM = BQ9WNW24Z8;
				INFOPLIST_FILE = ReportsPPH/Info.plist;
				IPHONEOS_DEPLOYMENT_TARGET = 8.4;
				LD_RUNPATH_SEARCH_PATHS = "$(inherited) @executable_path/Frameworks";
				PRODUCT_BUNDLE_IDENTIFIER = com.id.ReportsPPH;
				PRODUCT_NAME = "$(TARGET_NAME)";
				SWIFT_INSTALL_OBJC_HEADER = NO;
				SWIFT_OPTIMIZATION_LEVEL = "-Onone";
				SWIFT_VERSION = 3.0;
			};
			name = Debug;
		};
		B8C95E8A1DE97ADC0027CC4C /* Release */ = {
			isa = XCBuildConfiguration;
			buildSettings = {
				ASSETCATALOG_COMPILER_APPICON_NAME = AppIcon;
				CLANG_ENABLE_MODULES = YES;
				CODE_SIGN_ENTITLEMENTS = ReportsPPH/ReportsPPH.entitlements;
				DEVELOPMENT_TEAM = BQ9WNW24Z8;
				INFOPLIST_FILE = ReportsPPH/Info.plist;
				IPHONEOS_DEPLOYMENT_TARGET = 8.4;
				LD_RUNPATH_SEARCH_PATHS = "$(inherited) @executable_path/Frameworks";
				PRODUCT_BUNDLE_IDENTIFIER = com.id.ReportsPPH;
				PRODUCT_NAME = "$(TARGET_NAME)";
				SWIFT_INSTALL_OBJC_HEADER = NO;
				SWIFT_VERSION = 3.0;
			};
			name = Release;
		};
		B8C95E8C1DE97ADC0027CC4C /* Debug */ = {
			isa = XCBuildConfiguration;
			buildSettings = {
				ALWAYS_EMBED_SWIFT_STANDARD_LIBRARIES = YES;
				BUNDLE_LOADER = "$(TEST_HOST)";
				CLANG_ENABLE_MODULES = YES;
				DEVELOPMENT_TEAM = BQ9WNW24Z8;
				INFOPLIST_FILE = ReportsPPHTests/Info.plist;
				LD_RUNPATH_SEARCH_PATHS = "$(inherited) @executable_path/Frameworks @loader_path/Frameworks";
				PRODUCT_BUNDLE_IDENTIFIER = com.id.ReportsPPHTests;
				PRODUCT_NAME = "$(TARGET_NAME)";
				SWIFT_OPTIMIZATION_LEVEL = "-Onone";
				SWIFT_VERSION = 3.0;
				TEST_HOST = "$(BUILT_PRODUCTS_DIR)/ReportsPPH.app/ReportsPPH";
			};
			name = Debug;
		};
		B8C95E8D1DE97ADC0027CC4C /* Release */ = {
			isa = XCBuildConfiguration;
			buildSettings = {
				ALWAYS_EMBED_SWIFT_STANDARD_LIBRARIES = YES;
				BUNDLE_LOADER = "$(TEST_HOST)";
				CLANG_ENABLE_MODULES = YES;
				DEVELOPMENT_TEAM = BQ9WNW24Z8;
				INFOPLIST_FILE = ReportsPPHTests/Info.plist;
				LD_RUNPATH_SEARCH_PATHS = "$(inherited) @executable_path/Frameworks @loader_path/Frameworks";
				PRODUCT_BUNDLE_IDENTIFIER = com.id.ReportsPPHTests;
				PRODUCT_NAME = "$(TARGET_NAME)";
				SWIFT_VERSION = 3.0;
				TEST_HOST = "$(BUILT_PRODUCTS_DIR)/ReportsPPH.app/ReportsPPH";
			};
			name = Release;
		};
		B8C95E8F1DE97ADC0027CC4C /* Debug */ = {
			isa = XCBuildConfiguration;
			buildSettings = {
				ALWAYS_EMBED_SWIFT_STANDARD_LIBRARIES = YES;
				CLANG_ENABLE_MODULES = YES;
				DEVELOPMENT_TEAM = BQ9WNW24Z8;
				INFOPLIST_FILE = ReportsPPHUITests/Info.plist;
				LD_RUNPATH_SEARCH_PATHS = "$(inherited) @executable_path/Frameworks @loader_path/Frameworks";
				PRODUCT_BUNDLE_IDENTIFIER = com.id.ReportsPPHUITests;
				PRODUCT_NAME = "$(TARGET_NAME)";
				SWIFT_OBJC_BRIDGING_HEADER = "ReportsPPHUITests/ReportsPPHUITests-Bridging-Header.h";
				SWIFT_OPTIMIZATION_LEVEL = "-Onone";
				SWIFT_VERSION = 3.0;
				TEST_TARGET_NAME = ReportsPPH;
			};
			name = Debug;
		};
		B8C95E901DE97ADC0027CC4C /* Release */ = {
			isa = XCBuildConfiguration;
			buildSettings = {
				ALWAYS_EMBED_SWIFT_STANDARD_LIBRARIES = YES;
				CLANG_ENABLE_MODULES = YES;
				DEVELOPMENT_TEAM = BQ9WNW24Z8;
				INFOPLIST_FILE = ReportsPPHUITests/Info.plist;
				LD_RUNPATH_SEARCH_PATHS = "$(inherited) @executable_path/Frameworks @loader_path/Frameworks";
				PRODUCT_BUNDLE_IDENTIFIER = com.id.ReportsPPHUITests;
				PRODUCT_NAME = "$(TARGET_NAME)";
				SWIFT_OBJC_BRIDGING_HEADER = "ReportsPPHUITests/ReportsPPHUITests-Bridging-Header.h";
				SWIFT_VERSION = 3.0;
				TEST_TARGET_NAME = ReportsPPH;
			};
			name = Release;
		};
/* End XCBuildConfiguration section */

/* Begin XCConfigurationList section */
		B8C95E581DE97ADB0027CC4C /* Build configuration list for PBXProject "ReportsPPH" */ = {
			isa = XCConfigurationList;
			buildConfigurations = (
				B8C95E861DE97ADC0027CC4C /* Debug */,
				B8C95E871DE97ADC0027CC4C /* Release */,
			);
			defaultConfigurationIsVisible = 0;
			defaultConfigurationName = Release;
		};
		B8C95E881DE97ADC0027CC4C /* Build configuration list for PBXNativeTarget "ReportsPPH" */ = {
			isa = XCConfigurationList;
			buildConfigurations = (
				B8C95E891DE97ADC0027CC4C /* Debug */,
				B8C95E8A1DE97ADC0027CC4C /* Release */,
			);
			defaultConfigurationIsVisible = 0;
			defaultConfigurationName = Release;
		};
		B8C95E8B1DE97ADC0027CC4C /* Build configuration list for PBXNativeTarget "ReportsPPHTests" */ = {
			isa = XCConfigurationList;
			buildConfigurations = (
				B8C95E8C1DE97ADC0027CC4C /* Debug */,
				B8C95E8D1DE97ADC0027CC4C /* Release */,
			);
			defaultConfigurationIsVisible = 0;
			defaultConfigurationName = Release;
		};
		B8C95E8E1DE97ADC0027CC4C /* Build configuration list for PBXNativeTarget "ReportsPPHUITests" */ = {
			isa = XCConfigurationList;
			buildConfigurations = (
				B8C95E8F1DE97ADC0027CC4C /* Debug */,
				B8C95E901DE97ADC0027CC4C /* Release */,
			);
			defaultConfigurationIsVisible = 0;
			defaultConfigurationName = Release;
		};
/* End XCConfigurationList section */
	};
	rootObject = B8C95E551DE97ADB0027CC4C /* Project object */;
}
